
Microsoft Visual Studio Solution File, Format Version 12.00
# Visual Studio Version 17
VisualStudioVersion = 17.5.002.0
MinimumVisualStudioVersion = 10.0.40219.1
Project("{2150E333-8FDC-42A3-9474-1A3956D46DE8}") = "csharp-prep", "csharp-prep", "{7CDFAE2C-27B8-4C5F-9A13-EB39D31B5266}"
EndProject
Project("{9A19103F-16F7-4668-BE54-9A1E7A4F7556}") = "Prep1", "csharp-prep\Prep1\Prep1.csproj", "{52C10048-0B3E-41EC-BB54-07ECCDE7651A}"
EndProject
Project("{9A19103F-16F7-4668-BE54-9A1E7A4F7556}") = "Prep2", "csharp-prep\Prep2\Prep2.csproj", "{01FF8589-6068-4475-A1A2-F12A99291FC6}"
EndProject
Project("{9A19103F-16F7-4668-BE54-9A1E7A4F7556}") = "Prep3", "csharp-prep\Prep3\Prep3.csproj", "{AFB2047E-8A6E-4586-B87A-B685169BBAAD}"
EndProject
Project("{9A19103F-16F7-4668-BE54-9A1E7A4F7556}") = "Prep4", "csharp-prep\Prep4\Prep4.csproj", "{62C10A02-8E49-4D84-88D3-B08E9056080C}"
EndProject
Project("{9A19103F-16F7-4668-BE54-9A1E7A4F7556}") = "Prep5", "csharp-prep\Prep5\Prep5.csproj", "{0B6996D6-F626-4F50-BCAF-A730C6F78C97}"
EndProject
Project("{2150E333-8FDC-42A3-9474-1A3956D46DE8}") = "final", "final", "{6CD90975-DBAE-42B3-BD4C-6CDD8BAA4D76}"
EndProject
Project("{9A19103F-16F7-4668-BE54-9A1E7A4F7556}") = "FinalProject", "final\FinalProject\FinalProject.csproj", "{E931B65E-411C-4AAF-A410-F895BD4F86C2}"
EndProject
Project("{9A19103F-16F7-4668-BE54-9A1E7A4F7556}") = "Foundation1", "final\Foundation1\Foundation1.csproj", "{E325E815-FFDC-46AD-800D-8C68D4DD1A0E}"
EndProject
Project("{9A19103F-16F7-4668-BE54-9A1E7A4F7556}") = "Foundation2", "final\Foundation2\Foundation2.csproj", "{154CB164-A370-49CB-B245-EF30DC31C70A}"
EndProject
Project("{9A19103F-16F7-4668-BE54-9A1E7A4F7556}") = "Foundation3", "final\Foundation3\Foundation3.csproj", "{55F834DC-7101-4BAD-9D65-EB3083315C8A}"
EndProject
Project("{9A19103F-16F7-4668-BE54-9A1E7A4F7556}") = "Foundation4", "final\Foundation4\Foundation4.csproj", "{6B7AF541-7E3B-4910-AFC6-86FF834EEBCD}"
EndProject
Project("{2150E333-8FDC-42A3-9474-1A3956D46DE8}") = "prepare", "prepare", "{6AFFD933-0240-4644-ABBA-814C91B64B3E}"
EndProject
Project("{9A19103F-16F7-4668-BE54-9A1E7A4F7556}") = "Learning02", "prepare\Learning02\Learning02.csproj", "{F1D9B1F4-0783-4C6A-82F3-79D26FB45DCA}"
EndProject
Project("{9A19103F-16F7-4668-BE54-9A1E7A4F7556}") = "Learning03", "prepare\Learning03\Learning03.csproj", "{A8519220-7F27-45EC-9CB8-D204F595520C}"
EndProject
Project("{9A19103F-16F7-4668-BE54-9A1E7A4F7556}") = "Learning04", "prepare\Learning04\Learning04.csproj", "{872264C8-8DA1-49F0-B9DE-DD9EA65137F5}"
EndProject
Project("{9A19103F-16F7-4668-BE54-9A1E7A4F7556}") = "Learning05", "prepare\Learning05\Learning05.csproj", "{5A07BCBD-1EA0-421C-B3C0-BBAB7D01B62D}"
EndProject
Project("{2150E333-8FDC-42A3-9474-1A3956D46DE8}") = "prove", "prove", "{21C6D0B8-2504-486F-8DA1-0ABA24A76507}"
EndProject
Project("{9A19103F-16F7-4668-BE54-9A1E7A4F7556}") = "Develop02", "prove\Develop02\Develop02.csproj", "{5CB1643F-6BDE-4D2F-ADD4-E588D0DF9364}"
EndProject
Project("{9A19103F-16F7-4668-BE54-9A1E7A4F7556}") = "Develop03", "prove\Develop03\Develop03.csproj", "{501F6C57-FC8A-45BF-B9C0-A6F84D10A2A2}"
EndProject
Project("{9A19103F-16F7-4668-BE54-9A1E7A4F7556}") = "Develop04", "prove\Develop04\Develop04.csproj", "{C2744548-0C47-4FCA-B3B9-5D5DCD78A32F}"
EndProject
Project("{9A19103F-16F7-4668-BE54-9A1E7A4F7556}") = "Develop05", "prove\Develop05\Develop05.csproj", "{2D31908F-BD5F-4149-9EF4-B20DC35CF6BE}"
EndProject
Project("{2150E333-8FDC-42A3-9474-1A3956D46DE8}") = "sandbox", "sandbox", "{2FD972C9-DB87-4951-8300-27BB697D0125}"
EndProject
Project("{9A19103F-16F7-4668-BE54-9A1E7A4F7556}") = "Sandbox", "sandbox\Sandbox\Sandbox.csproj", "{21A0DE12-60A4-4504-B352-83869F00FA1D}"
EndProject
Global
	GlobalSection(SolutionConfigurationPlatforms) = preSolution
		Debug|Any CPU = Debug|Any CPU
		Release|Any CPU = Release|Any CPU
	EndGlobalSection
	GlobalSection(ProjectConfigurationPlatforms) = postSolution
		{52C10048-0B3E-41EC-BB54-07ECCDE7651A}.Debug|Any CPU.ActiveCfg = Debug|Any CPU
		{52C10048-0B3E-41EC-BB54-07ECCDE7651A}.Debug|Any CPU.Build.0 = Debug|Any CPU
		{52C10048-0B3E-41EC-BB54-07ECCDE7651A}.Release|Any CPU.ActiveCfg = Release|Any CPU
		{52C10048-0B3E-41EC-BB54-07ECCDE7651A}.Release|Any CPU.Build.0 = Release|Any CPU
		{01FF8589-6068-4475-A1A2-F12A99291FC6}.Debug|Any CPU.ActiveCfg = Debug|Any CPU
		{01FF8589-6068-4475-A1A2-F12A99291FC6}.Debug|Any CPU.Build.0 = Debug|Any CPU
		{01FF8589-6068-4475-A1A2-F12A99291FC6}.Release|Any CPU.ActiveCfg = Release|Any CPU
		{01FF8589-6068-4475-A1A2-F12A99291FC6}.Release|Any CPU.Build.0 = Release|Any CPU
		{AFB2047E-8A6E-4586-B87A-B685169BBAAD}.Debug|Any CPU.ActiveCfg = Debug|Any CPU
		{AFB2047E-8A6E-4586-B87A-B685169BBAAD}.Debug|Any CPU.Build.0 = Debug|Any CPU
		{AFB2047E-8A6E-4586-B87A-B685169BBAAD}.Release|Any CPU.ActiveCfg = Release|Any CPU
		{AFB2047E-8A6E-4586-B87A-B685169BBAAD}.Release|Any CPU.Build.0 = Release|Any CPU
		{62C10A02-8E49-4D84-88D3-B08E9056080C}.Debug|Any CPU.ActiveCfg = Debug|Any CPU
		{62C10A02-8E49-4D84-88D3-B08E9056080C}.Debug|Any CPU.Build.0 = Debug|Any CPU
		{62C10A02-8E49-4D84-88D3-B08E9056080C}.Release|Any CPU.ActiveCfg = Release|Any CPU
		{62C10A02-8E49-4D84-88D3-B08E9056080C}.Release|Any CPU.Build.0 = Release|Any CPU
		{0B6996D6-F626-4F50-BCAF-A730C6F78C97}.Debug|Any CPU.ActiveCfg = Debug|Any CPU
		{0B6996D6-F626-4F50-BCAF-A730C6F78C97}.Debug|Any CPU.Build.0 = Debug|Any CPU
		{0B6996D6-F626-4F50-BCAF-A730C6F78C97}.Release|Any CPU.ActiveCfg = Release|Any CPU
		{0B6996D6-F626-4F50-BCAF-A730C6F78C97}.Release|Any CPU.Build.0 = Release|Any CPU
		{E931B65E-411C-4AAF-A410-F895BD4F86C2}.Debug|Any CPU.ActiveCfg = Debug|Any CPU
		{E931B65E-411C-4AAF-A410-F895BD4F86C2}.Debug|Any CPU.Build.0 = Debug|Any CPU
		{E931B65E-411C-4AAF-A410-F895BD4F86C2}.Release|Any CPU.ActiveCfg = Release|Any CPU
		{E931B65E-411C-4AAF-A410-F895BD4F86C2}.Release|Any CPU.Build.0 = Release|Any CPU
		{E325E815-FFDC-46AD-800D-8C68D4DD1A0E}.Debug|Any CPU.ActiveCfg = Debug|Any CPU
		{E325E815-FFDC-46AD-800D-8C68D4DD1A0E}.Debug|Any CPU.Build.0 = Debug|Any CPU
		{E325E815-FFDC-46AD-800D-8C68D4DD1A0E}.Release|Any CPU.ActiveCfg = Release|Any CPU
		{E325E815-FFDC-46AD-800D-8C68D4DD1A0E}.Release|Any CPU.Build.0 = Release|Any CPU
		{154CB164-A370-49CB-B245-EF30DC31C70A}.Debug|Any CPU.ActiveCfg = Debug|Any CPU
		{154CB164-A370-49CB-B245-EF30DC31C70A}.Debug|Any CPU.Build.0 = Debug|Any CPU
		{154CB164-A370-49CB-B245-EF30DC31C70A}.Release|Any CPU.ActiveCfg = Release|Any CPU
		{154CB164-A370-49CB-B245-EF30DC31C70A}.Release|Any CPU.Build.0 = Release|Any CPU
		{55F834DC-7101-4BAD-9D65-EB3083315C8A}.Debug|Any CPU.ActiveCfg = Debug|Any CPU
		{55F834DC-7101-4BAD-9D65-EB3083315C8A}.Debug|Any CPU.Build.0 = Debug|Any CPU
		{55F834DC-7101-4BAD-9D65-EB3083315C8A}.Release|Any CPU.ActiveCfg = Release|Any CPU
		{55F834DC-7101-4BAD-9D65-EB3083315C8A}.Release|Any CPU.Build.0 = Release|Any CPU
		{6B7AF541-7E3B-4910-AFC6-86FF834EEBCD}.Debug|Any CPU.ActiveCfg = Debug|Any CPU
		{6B7AF541-7E3B-4910-AFC6-86FF834EEBCD}.Debug|Any CPU.Build.0 = Debug|Any CPU
		{6B7AF541-7E3B-4910-AFC6-86FF834EEBCD}.Release|Any CPU.ActiveCfg = Release|Any CPU
		{6B7AF541-7E3B-4910-AFC6-86FF834EEBCD}.Release|Any CPU.Build.0 = Release|Any CPU
		{F1D9B1F4-0783-4C6A-82F3-79D26FB45DCA}.Debug|Any CPU.ActiveCfg = Debug|Any CPU
		{F1D9B1F4-0783-4C6A-82F3-79D26FB45DCA}.Debug|Any CPU.Build.0 = Debug|Any CPU
		{F1D9B1F4-0783-4C6A-82F3-79D26FB45DCA}.Release|Any CPU.ActiveCfg = Release|Any CPU
		{F1D9B1F4-0783-4C6A-82F3-79D26FB45DCA}.Release|Any CPU.Build.0 = Release|Any CPU
		{A8519220-7F27-45EC-9CB8-D204F595520C}.Debug|Any CPU.ActiveCfg = Debug|Any CPU
		{A8519220-7F27-45EC-9CB8-D204F595520C}.Debug|Any CPU.Build.0 = Debug|Any CPU
		{A8519220-7F27-45EC-9CB8-D204F595520C}.Release|Any CPU.ActiveCfg = Release|Any CPU
		{A8519220-7F27-45EC-9CB8-D204F595520C}.Release|Any CPU.Build.0 = Release|Any CPU
		{872264C8-8DA1-49F0-B9DE-DD9EA65137F5}.Debug|Any CPU.ActiveCfg = Debug|Any CPU
		{872264C8-8DA1-49F0-B9DE-DD9EA65137F5}.Debug|Any CPU.Build.0 = Debug|Any CPU
		{872264C8-8DA1-49F0-B9DE-DD9EA65137F5}.Release|Any CPU.ActiveCfg = Release|Any CPU
		{872264C8-8DA1-49F0-B9DE-DD9EA65137F5}.Release|Any CPU.Build.0 = Release|Any CPU
		{5A07BCBD-1EA0-421C-B3C0-BBAB7D01B62D}.Debug|Any CPU.ActiveCfg = Debug|Any CPU
		{5A07BCBD-1EA0-421C-B3C0-BBAB7D01B62D}.Debug|Any CPU.Build.0 = Debug|Any CPU
		{5A07BCBD-1EA0-421C-B3C0-BBAB7D01B62D}.Release|Any CPU.ActiveCfg = Release|Any CPU
		{5A07BCBD-1EA0-421C-B3C0-BBAB7D01B62D}.Release|Any CPU.Build.0 = Release|Any CPU
		{5CB1643F-6BDE-4D2F-ADD4-E588D0DF9364}.Debug|Any CPU.ActiveCfg = Debug|Any CPU
		{5CB1643F-6BDE-4D2F-ADD4-E588D0DF9364}.Debug|Any CPU.Build.0 = Debug|Any CPU
		{5CB1643F-6BDE-4D2F-ADD4-E588D0DF9364}.Release|Any CPU.ActiveCfg = Release|Any CPU
		{5CB1643F-6BDE-4D2F-ADD4-E588D0DF9364}.Release|Any CPU.Build.0 = Release|Any CPU
		{501F6C57-FC8A-45BF-B9C0-A6F84D10A2A2}.Debug|Any CPU.ActiveCfg = Debug|Any CPU
		{501F6C57-FC8A-45BF-B9C0-A6F84D10A2A2}.Debug|Any CPU.Build.0 = Debug|Any CPU
		{501F6C57-FC8A-45BF-B9C0-A6F84D10A2A2}.Release|Any CPU.ActiveCfg = Release|Any CPU
		{501F6C57-FC8A-45BF-B9C0-A6F84D10A2A2}.Release|Any CPU.Build.0 = Release|Any CPU
		{C2744548-0C47-4FCA-B3B9-5D5DCD78A32F}.Debug|Any CPU.ActiveCfg = Debug|Any CPU
		{C2744548-0C47-4FCA-B3B9-5D5DCD78A32F}.Debug|Any CPU.Build.0 = Debug|Any CPU
		{C2744548-0C47-4FCA-B3B9-5D5DCD78A32F}.Release|Any CPU.ActiveCfg = Release|Any CPU
		{C2744548-0C47-4FCA-B3B9-5D5DCD78A32F}.Release|Any CPU.Build.0 = Release|Any CPU
		{2D31908F-BD5F-4149-9EF4-B20DC35CF6BE}.Debug|Any CPU.ActiveCfg = Debug|Any CPU
		{2D31908F-BD5F-4149-9EF4-B20DC35CF6BE}.Debug|Any CPU.Build.0 = Debug|Any CPU
		{2D31908F-BD5F-4149-9EF4-B20DC35CF6BE}.Release|Any CPU.ActiveCfg = Release|Any CPU
		{2D31908F-BD5F-4149-9EF4-B20DC35CF6BE}.Release|Any CPU.Build.0 = Release|Any CPU
		{21A0DE12-60A4-4504-B352-83869F00FA1D}.Debug|Any CPU.ActiveCfg = Debug|Any CPU
		{21A0DE12-60A4-4504-B352-83869F00FA1D}.Debug|Any CPU.Build.0 = Debug|Any CPU
		{21A0DE12-60A4-4504-B352-83869F00FA1D}.Release|Any CPU.ActiveCfg = Release|Any CPU
		{21A0DE12-60A4-4504-B352-83869F00FA1D}.Release|Any CPU.Build.0 = Release|Any CPU
	EndGlobalSection
	GlobalSection(SolutionProperties) = preSolution
		HideSolutionNode = FALSE
	EndGlobalSection
	GlobalSection(NestedProjects) = preSolution
		{52C10048-0B3E-41EC-BB54-07ECCDE7651A} = {7CDFAE2C-27B8-4C5F-9A13-EB39D31B5266}
		{01FF8589-6068-4475-A1A2-F12A99291FC6} = {7CDFAE2C-27B8-4C5F-9A13-EB39D31B5266}
		{AFB2047E-8A6E-4586-B87A-B685169BBAAD} = {7CDFAE2C-27B8-4C5F-9A13-EB39D31B5266}
		{62C10A02-8E49-4D84-88D3-B08E9056080C} = {7CDFAE2C-27B8-4C5F-9A13-EB39D31B5266}
		{0B6996D6-F626-4F50-BCAF-A730C6F78C97} = {7CDFAE2C-27B8-4C5F-9A13-EB39D31B5266}
		{E931B65E-411C-4AAF-A410-F895BD4F86C2} = {6CD90975-DBAE-42B3-BD4C-6CDD8BAA4D76}
		{E325E815-FFDC-46AD-800D-8C68D4DD1A0E} = {6CD90975-DBAE-42B3-BD4C-6CDD8BAA4D76}
		{154CB164-A370-49CB-B245-EF30DC31C70A} = {6CD90975-DBAE-42B3-BD4C-6CDD8BAA4D76}
		{55F834DC-7101-4BAD-9D65-EB3083315C8A} = {6CD90975-DBAE-42B3-BD4C-6CDD8BAA4D76}
		{6B7AF541-7E3B-4910-AFC6-86FF834EEBCD} = {6CD90975-DBAE-42B3-BD4C-6CDD8BAA4D76}
		{F1D9B1F4-0783-4C6A-82F3-79D26FB45DCA} = {6AFFD933-0240-4644-ABBA-814C91B64B3E}
		{A8519220-7F27-45EC-9CB8-D204F595520C} = {6AFFD933-0240-4644-ABBA-814C91B64B3E}
		{872264C8-8DA1-49F0-B9DE-DD9EA65137F5} = {6AFFD933-0240-4644-ABBA-814C91B64B3E}
		{5A07BCBD-1EA0-421C-B3C0-BBAB7D01B62D} = {6AFFD933-0240-4644-ABBA-814C91B64B3E}
		{5CB1643F-6BDE-4D2F-ADD4-E588D0DF9364} = {21C6D0B8-2504-486F-8DA1-0ABA24A76507}
		{501F6C57-FC8A-45BF-B9C0-A6F84D10A2A2} = {21C6D0B8-2504-486F-8DA1-0ABA24A76507}
		{C2744548-0C47-4FCA-B3B9-5D5DCD78A32F} = {21C6D0B8-2504-486F-8DA1-0ABA24A76507}
		{2D31908F-BD5F-4149-9EF4-B20DC35CF6BE} = {21C6D0B8-2504-486F-8DA1-0ABA24A76507}
		{21A0DE12-60A4-4504-B352-83869F00FA1D} = {2FD972C9-DB87-4951-8300-27BB697D0125}
	EndGlobalSection
	GlobalSection(ExtensibilityGlobals) = postSolution
		SolutionGuid = {5DBC5161-89E2-4F4F-8CD8-AB21C148ED24}
	EndGlobalSection
EndGlobal
